{
  "name": "DA",
  "lockfileVersion": 3,
  "requires": true,
  "packages": {
    "": {
      "dependencies": {
        "primeicons": "^7.0.0",
        "primeng": "^17.18.11"
      }
    },
    "node_modules/@angular/common": {
      "version": "18.2.7",
      "resolved": "https://registry.npmjs.org/@angular/common/-/common-18.2.7.tgz",
      "integrity": "sha512-5vDBmBR2JcIxHVEDunKXNU+T+OvTGiHZTSo35GFOHJxKFgX5g6+0tJBZunK04oBZGbJQUmp3pg2kMvuKKjZnkQ==",
      "license": "MIT",
      "peer": true,
      "dependencies": {
        "tslib": "^2.3.0"
      },
      "engines": {
        "node": "^18.19.1 || ^20.11.1 || >=22.0.0"
      },
      "peerDependencies": {
        "@angular/core": "18.2.7",
        "rxjs": "^6.5.3 || ^7.4.0"
      }
    },
    "node_modules/@angular/core": {
      "version": "18.2.7",
      "resolved": "https://registry.npmjs.org/@angular/core/-/core-18.2.7.tgz",
      "integrity": "sha512-hLOxgxLiyWm9iVHBsUsJfx1hDsXWZnfJBlr+N7cev53f0CDoPfbshqq6KV+JFqXFDguzR9dKHm1ewT1jK3e6Tw==",
      "license": "MIT",
      "peer": true,
      "dependencies": {
        "tslib": "^2.3.0"
      },
      "engines": {
        "node": "^18.19.1 || ^20.11.1 || >=22.0.0"
      },
      "peerDependencies": {
        "rxjs": "^6.5.3 || ^7.4.0",
        "zone.js": "~0.14.10"
      }
    },
    "node_modules/@angular/forms": {
      "version": "18.2.7",
      "resolved": "https://registry.npmjs.org/@angular/forms/-/forms-18.2.7.tgz",
      "integrity": "sha512-WO3c9/OA7ekBnDBgmvi5TlHshOt5S4NREIP+/VVyuRgg28BwUWyO/Nqh19nguE1UNNRt6OMLkT6NSV2ewhcXUg==",
      "license": "MIT",
      "peer": true,
      "dependencies": {
        "tslib": "^2.3.0"
      },
      "engines": {
        "node": "^18.19.1 || ^20.11.1 || >=22.0.0"
      },
      "peerDependencies": {
        "@angular/common": "18.2.7",
        "@angular/core": "18.2.7",
        "@angular/platform-browser": "18.2.7",
        "rxjs": "^6.5.3 || ^7.4.0"
      }
    },
    "node_modules/@angular/platform-browser": {
      "version": "18.2.7",
      "resolved": "https://registry.npmjs.org/@angular/platform-browser/-/platform-browser-18.2.7.tgz",
      "integrity": "sha512-xgj2DH/isFrMZ73dJJm89NRnWBI3AHtugQrZbIapkKBdEt/C1o4SR2W2cV4mPb9o+ELnWurfrxFt9o/q2vnVLw==",
      "license": "MIT",
      "peer": true,
      "dependencies": {
        "tslib": "^2.3.0"
      },
      "engines": {
        "node": "^18.19.1 || ^20.11.1 || >=22.0.0"
      },
      "peerDependencies": {
        "@angular/animations": "18.2.7",
        "@angular/common": "18.2.7",
        "@angular/core": "18.2.7"
      },
      "peerDependenciesMeta": {
        "@angular/animations": {
          "optional": true
        }
      }
    },
    "node_modules/primeicons": {
      "version": "7.0.0",
      "resolved": "https://registry.npmjs.org/primeicons/-/primeicons-7.0.0.tgz",
      "integrity": "sha512-jK3Et9UzwzTsd6tzl2RmwrVY/b8raJ3QZLzoDACj+oTJ0oX7L9Hy+XnVwgo4QVKlKpnP/Ur13SXV/pVh4LzaDw==",
      "license": "MIT"
    },
    "node_modules/primeng": {
      "version": "17.18.11",
      "resolved": "https://registry.npmjs.org/primeng/-/primeng-17.18.11.tgz",
      "integrity": "sha512-LzV0fFZmb3GdnaRqi1+GP+RPtW0a+jztL5pH1zRWY7+7pyQ0n1YNyTXzmqVcdks/CmoyjNhutWEmexwi6vFVeA==",
      "license": "MIT",
      "dependencies": {
        "tslib": "^2.3.0"
      },
      "peerDependencies": {
        "@angular/common": "^17.0.0 || ^18.0.0",
        "@angular/core": "^17.0.0 || ^18.0.0",
        "@angular/forms": "^17.0.0 || ^18.0.0",
        "rxjs": "^6.0.0 || ^7.8.1",
        "zone.js": "~0.14.0"
      }
    },
    "node_modules/rxjs": {
      "version": "7.8.1",
      "resolved": "https://registry.npmjs.org/rxjs/-/rxjs-7.8.1.tgz",
      "integrity": "sha512-AA3TVj+0A2iuIoQkWEK/tqFjBq2j+6PO6Y0zJcvzLAFhEFIO3HL0vls9hWLncZbAAbK0mar7oZ4V079I/qPMxg==",
      "license": "Apache-2.0",
      "peer": true,
      "dependencies": {
        "tslib": "^2.1.0"
      }
    },
    "node_modules/tslib": {
      "version": "2.7.0",
      "resolved": "https://registry.npmjs.org/tslib/-/tslib-2.7.0.tgz",
      "integrity": "sha512-gLXCKdN1/j47AiHiOkJN69hJmcbGTHI0ImLmbYLHykhgeN0jVGola9yVjFgzCUklsZQMW55o+dW7IXv3RCXDzA==",
      "license": "0BSD"
    },
    "node_modules/zone.js": {
      "version": "0.14.10",
      "resolved": "https://registry.npmjs.org/zone.js/-/zone.js-0.14.10.tgz",
      "integrity": "sha512-YGAhaO7J5ywOXW6InXNlLmfU194F8lVgu7bRntUF3TiG8Y3nBK0x1UJJuHUP/e8IyihkjCYqhCScpSwnlaSRkQ==",
      "license": "MIT",
      "peer": true
    }
  }
}
