
Microsoft Visual Studio Solution File, Format Version 12.00
# Visual Studio Version 17
VisualStudioVersion = 17.11.35312.102
MinimumVisualStudioVersion = 10.0.40219.1
Project("{9A19103F-16F7-4668-BE54-9A1E7A4F7556}") = "BLL", "BLL\BLL.csproj", "{7C40E9B2-9E55-4168-8C7A-2D216411F981}"
EndProject
Project("{9A19103F-16F7-4668-BE54-9A1E7A4F7556}") = "GUI_backup", "GUI_backup\GUI_backup.csproj", "{286F2E86-D862-45CC-ADA0-85740462CABB}"
EndProject
Project("{9A19103F-16F7-4668-BE54-9A1E7A4F7556}") = "DAL", "DAL\DAL.csproj", "{F7C4FB8C-95BE-49BC-8BD2-453CE323AE33}"
EndProject
Project("{9A19103F-16F7-4668-BE54-9A1E7A4F7556}") = "DTO", "DTO\DTO.csproj", "{348041C7-2CCA-4F51-89A7-3F21ABD4C935}"
EndProject
Project("{9A19103F-16F7-4668-BE54-9A1E7A4F7556}") = "REPOSITORY", "REPOSITORY\REPOSITORY.csproj", "{C18B97F4-2D53-456F-B961-BB90B35F7640}"
EndProject
Project("{54A90642-561A-4BB1-A94E-469ADEE60C69}") = "GUI", "GUI\GUI.esproj", "{684DA248-90DA-480E-BB25-F10E58CEDD08}"
EndProject
Global
	GlobalSection(SolutionConfigurationPlatforms) = preSolution
		Debug|Any CPU = Debug|Any CPU
		Release|Any CPU = Release|Any CPU
	EndGlobalSection
	GlobalSection(ProjectConfigurationPlatforms) = postSolution
		{7C40E9B2-9E55-4168-8C7A-2D216411F981}.Debug|Any CPU.ActiveCfg = Debug|Any CPU
		{7C40E9B2-9E55-4168-8C7A-2D216411F981}.Debug|Any CPU.Build.0 = Debug|Any CPU
		{7C40E9B2-9E55-4168-8C7A-2D216411F981}.Release|Any CPU.ActiveCfg = Release|Any CPU
		{7C40E9B2-9E55-4168-8C7A-2D216411F981}.Release|Any CPU.Build.0 = Release|Any CPU
		{286F2E86-D862-45CC-ADA0-85740462CABB}.Debug|Any CPU.ActiveCfg = Debug|Any CPU
		{286F2E86-D862-45CC-ADA0-85740462CABB}.Debug|Any CPU.Build.0 = Debug|Any CPU
		{286F2E86-D862-45CC-ADA0-85740462CABB}.Release|Any CPU.ActiveCfg = Release|Any CPU
		{286F2E86-D862-45CC-ADA0-85740462CABB}.Release|Any CPU.Build.0 = Release|Any CPU
		{F7C4FB8C-95BE-49BC-8BD2-453CE323AE33}.Debug|Any CPU.ActiveCfg = Debug|Any CPU
		{F7C4FB8C-95BE-49BC-8BD2-453CE323AE33}.Debug|Any CPU.Build.0 = Debug|Any CPU
		{F7C4FB8C-95BE-49BC-8BD2-453CE323AE33}.Release|Any CPU.ActiveCfg = Release|Any CPU
		{F7C4FB8C-95BE-49BC-8BD2-453CE323AE33}.Release|Any CPU.Build.0 = Release|Any CPU
		{348041C7-2CCA-4F51-89A7-3F21ABD4C935}.Debug|Any CPU.ActiveCfg = Debug|Any CPU
		{348041C7-2CCA-4F51-89A7-3F21ABD4C935}.Debug|Any CPU.Build.0 = Debug|Any CPU
		{348041C7-2CCA-4F51-89A7-3F21ABD4C935}.Release|Any CPU.ActiveCfg = Release|Any CPU
		{348041C7-2CCA-4F51-89A7-3F21ABD4C935}.Release|Any CPU.Build.0 = Release|Any CPU
		{C18B97F4-2D53-456F-B961-BB90B35F7640}.Debug|Any CPU.ActiveCfg = Debug|Any CPU
		{C18B97F4-2D53-456F-B961-BB90B35F7640}.Debug|Any CPU.Build.0 = Debug|Any CPU
		{C18B97F4-2D53-456F-B961-BB90B35F7640}.Release|Any CPU.ActiveCfg = Release|Any CPU
		{C18B97F4-2D53-456F-B961-BB90B35F7640}.Release|Any CPU.Build.0 = Release|Any CPU
		{684DA248-90DA-480E-BB25-F10E58CEDD08}.Debug|Any CPU.ActiveCfg = Debug|Any CPU
		{684DA248-90DA-480E-BB25-F10E58CEDD08}.Debug|Any CPU.Build.0 = Debug|Any CPU
		{684DA248-90DA-480E-BB25-F10E58CEDD08}.Debug|Any CPU.Deploy.0 = Debug|Any CPU
		{684DA248-90DA-480E-BB25-F10E58CEDD08}.Release|Any CPU.ActiveCfg = Release|Any CPU
		{684DA248-90DA-480E-BB25-F10E58CEDD08}.Release|Any CPU.Build.0 = Release|Any CPU
		{684DA248-90DA-480E-BB25-F10E58CEDD08}.Release|Any CPU.Deploy.0 = Release|Any CPU
	EndGlobalSection
	GlobalSection(SolutionProperties) = preSolution
		HideSolutionNode = FALSE
	EndGlobalSection
	GlobalSection(ExtensibilityGlobals) = postSolution
		SolutionGuid = {BCF5AB9F-07DC-4161-96C6-2E898C03509F}
	EndGlobalSection
EndGlobal
