
Microsoft Visual Studio Solution File, Format Version 12.00
Project("{FAE04EC0-301F-11D3-BF4B-00C04F79EFBC}") = "BLL", "BLL\BLL.csproj", "{7C40E9B2-9E55-4168-8C7A-2D216411F981}"
EndProject
Project("{FAE04EC0-301F-11D3-BF4B-00C04F79EFBC}") = "GUI", "GUI\GUI.csproj", "{286F2E86-D862-45CC-ADA0-85740462CABB}"
EndProject
Project("{FAE04EC0-301F-11D3-BF4B-00C04F79EFBC}") = "DAL", "DAL\DAL.csproj", "{F7C4FB8C-95BE-49BC-8BD2-453CE323AE33}"
EndProject
Project("{FAE04EC0-301F-11D3-BF4B-00C04F79EFBC}") = "DTO", "DTO\DTO.csproj", "{348041C7-2CCA-4F51-89A7-3F21ABD4C935}"
EndProject
Project("{FAE04EC0-301F-11D3-BF4B-00C04F79EFBC}") = "REPOSITORY", "REPOSITORY\REPOSITORY.csproj", "{C18B97F4-2D53-456F-B961-BB90B35F7640}"
EndProject
Global
	GlobalSection(SolutionConfigurationPlatforms) = preSolution
		Debug|Any CPU = Debug|Any CPU
		Release|Any CPU = Release|Any CPU
	EndGlobalSection
	GlobalSection(ProjectConfigurationPlatforms) = postSolution
		{7C40E9B2-9E55-4168-8C7A-2D216411F981}.Debug|Any CPU.ActiveCfg = Debug|Any CPU
		{7C40E9B2-9E55-4168-8C7A-2D216411F981}.Debug|Any CPU.Build.0 = Debug|Any CPU
		{7C40E9B2-9E55-4168-8C7A-2D216411F981}.Release|Any CPU.ActiveCfg = Release|Any CPU
		{7C40E9B2-9E55-4168-8C7A-2D216411F981}.Release|Any CPU.Build.0 = Release|Any CPU
		{286F2E86-D862-45CC-ADA0-85740462CABB}.Debug|Any CPU.ActiveCfg = Debug|Any CPU
		{286F2E86-D862-45CC-ADA0-85740462CABB}.Debug|Any CPU.Build.0 = Debug|Any CPU
		{286F2E86-D862-45CC-ADA0-85740462CABB}.Release|Any CPU.ActiveCfg = Release|Any CPU
		{286F2E86-D862-45CC-ADA0-85740462CABB}.Release|Any CPU.Build.0 = Release|Any CPU
		{F7C4FB8C-95BE-49BC-8BD2-453CE323AE33}.Debug|Any CPU.ActiveCfg = Debug|Any CPU
		{F7C4FB8C-95BE-49BC-8BD2-453CE323AE33}.Debug|Any CPU.Build.0 = Debug|Any CPU
		{F7C4FB8C-95BE-49BC-8BD2-453CE323AE33}.Release|Any CPU.ActiveCfg = Release|Any CPU
		{F7C4FB8C-95BE-49BC-8BD2-453CE323AE33}.Release|Any CPU.Build.0 = Release|Any CPU
		{348041C7-2CCA-4F51-89A7-3F21ABD4C935}.Debug|Any CPU.ActiveCfg = Debug|Any CPU
		{348041C7-2CCA-4F51-89A7-3F21ABD4C935}.Debug|Any CPU.Build.0 = Debug|Any CPU
		{348041C7-2CCA-4F51-89A7-3F21ABD4C935}.Release|Any CPU.ActiveCfg = Release|Any CPU
		{348041C7-2CCA-4F51-89A7-3F21ABD4C935}.Release|Any CPU.Build.0 = Release|Any CPU
		{C18B97F4-2D53-456F-B961-BB90B35F7640}.Debug|Any CPU.ActiveCfg = Debug|Any CPU
		{C18B97F4-2D53-456F-B961-BB90B35F7640}.Debug|Any CPU.Build.0 = Debug|Any CPU
		{C18B97F4-2D53-456F-B961-BB90B35F7640}.Release|Any CPU.ActiveCfg = Release|Any CPU
		{C18B97F4-2D53-456F-B961-BB90B35F7640}.Release|Any CPU.Build.0 = Release|Any CPU
	EndGlobalSection
EndGlobal
